{
  "version": 4,
  "terraform_version": "1.13.1",
  "serial": 4,
  "lineage": "cd828b37-0eb7-57b5-1bc1-f764e3c120e0",
  "outputs": {
    "user_file_path": {
      "value": "./me.txt",
      "type": "string"
    }
  },
  "resources": [
    {
      "mode": "managed",
      "type": "local_file",
      "name": "user_file",
      "provider": "provider[\"registry.terraform.io/hashicorp/local\"]",
      "instances": [
        {
          "schema_version": 0,
          "attributes": {
            "content": "Moje imię to: Grzegorz",
            "content_base64": null,
            "content_base64sha256": "qFWJF0yTKVAvxJQ4yfs2diaQpkUgjOi0I30zjeAPDxw=",
            "content_base64sha512": "J6YCcs4j3hUx13V5/NRR7w/dx4rBceq6n9/X5L7qR6agHzr4+lY9UtATxGl2dabJwdq3b6mNzyjj2ARazONyaQ==",
            "content_md5": "19b41909ab85ece386dd12a35d1d73fb",
            "content_sha1": "ffca080180f3bc75ec10e4c49256006e5ac670f3",
            "content_sha256": "a85589174c9329502fc49438c9fb36762690a645208ce8b4237d338de00f0f1c",
            "content_sha512": "27a60272ce23de1531d77579fcd451ef0fddc78ac171eaba9fdfd7e4beea47a6a01f3af8fa563d52d013c4697675a6c9c1dab76fa98dcf28e3d8045acce37269",
            "directory_permission": "0777",
            "file_permission": "0777",
            "filename": "./me.txt",
            "id": "ffca080180f3bc75ec10e4c49256006e5ac670f3",
            "sensitive_content": null,
            "source": null
          },
          "sensitive_attributes": [
            [
              {
                "type": "get_attr",
                "value": "sensitive_content"
              }
            ]
          ],
          "identity_schema_version": 0
        }
      ]
    }
  ],
  "check_results": null
}
